
Microsoft Visual Studio Solution File, Format Version 12.00
# Visual Studio Version 16
VisualStudioVersion = 16.0.30611.23
MinimumVisualStudioVersion = 10.0.40219.1
Project("{FAE04EC0-301F-11D3-BF4B-00C04F79EFBC}") = "Web", "Web\Web.csproj", "{699AC67E-C1A5-408D-B183-3201266E0643}"
EndProject
Project("{FAE04EC0-301F-11D3-BF4B-00C04F79EFBC}") = "Data", "Data\Data.csproj", "{FEBBBA61-F540-42F7-8DF5-E03A78DED84D}"
EndProject
Global
	GlobalSection(SolutionConfigurationPlatforms) = preSolution
		Debug|Any CPU = Debug|Any CPU
		Release|Any CPU = Release|Any CPU
	EndGlobalSection
	GlobalSection(ProjectConfigurationPlatforms) = postSolution
		{699AC67E-C1A5-408D-B183-3201266E0643}.Debug|Any CPU.ActiveCfg = Debug|Any CPU
		{699AC67E-C1A5-408D-B183-3201266E0643}.Debug|Any CPU.Build.0 = Debug|Any CPU
		{699AC67E-C1A5-408D-B183-3201266E0643}.Release|Any CPU.ActiveCfg = Release|Any CPU
		{699AC67E-C1A5-408D-B183-3201266E0643}.Release|Any CPU.Build.0 = Release|Any CPU
		{FEBBBA61-F540-42F7-8DF5-E03A78DED84D}.Debug|Any CPU.ActiveCfg = Debug|Any CPU
		{FEBBBA61-F540-42F7-8DF5-E03A78DED84D}.Debug|Any CPU.Build.0 = Debug|Any CPU
		{FEBBBA61-F540-42F7-8DF5-E03A78DED84D}.Release|Any CPU.ActiveCfg = Release|Any CPU
		{FEBBBA61-F540-42F7-8DF5-E03A78DED84D}.Release|Any CPU.Build.0 = Release|Any CPU
	EndGlobalSection
	GlobalSection(SolutionProperties) = preSolution
		HideSolutionNode = FALSE
	EndGlobalSection
	GlobalSection(ExtensibilityGlobals) = postSolution
		SolutionGuid = {0443A3A0-118E-45C2-B698-65ED11229F08}
	EndGlobalSection
EndGlobal
